
Microsoft Visual Studio Solution File, Format Version 12.00
# Visual Studio Version 16
VisualStudioVersion = 16.0.32228.343
MinimumVisualStudioVersion = 10.0.40219.1
Project("{FAE04EC0-301F-11D3-BF4B-00C04F79EFBC}") = "Student_App", "Student_App.csproj", "{65C76ED3-C69C-4AF2-A47A-8E5AC1374C69}"
EndProject
Global
	GlobalSection(SolutionConfigurationPlatforms) = preSolution
		Debug|Any CPU = Debug|Any CPU
		Release|Any CPU = Release|Any CPU
	EndGlobalSection
	GlobalSection(ProjectConfigurationPlatforms) = postSolution
		{65C76ED3-C69C-4AF2-A47A-8E5AC1374C69}.Debug|Any CPU.ActiveCfg = Debug|Any CPU
		{65C76ED3-C69C-4AF2-A47A-8E5AC1374C69}.Debug|Any CPU.Build.0 = Debug|Any CPU
		{65C76ED3-C69C-4AF2-A47A-8E5AC1374C69}.Release|Any CPU.ActiveCfg = Release|Any CPU
		{65C76ED3-C69C-4AF2-A47A-8E5AC1374C69}.Release|Any CPU.Build.0 = Release|Any CPU
	EndGlobalSection
	GlobalSection(SolutionProperties) = preSolution
		HideSolutionNode = FALSE
	EndGlobalSection
	GlobalSection(ExtensibilityGlobals) = postSolution
		SolutionGuid = {1073DE07-E19F-4E89-B9E3-A08396F6B39E}
	EndGlobalSection
EndGlobal
